// !$*UTF8*$!
{
	archiveVersion = 1;
	classes = {
	};
	objectVersion = 48;
	objects = {

/* Begin PBXBuildFile section */
		8748BF811F3277F1004B6C73 /* AppDelegate.swift in Sources */ = {isa = PBXBuildFile; fileRef = 8748BF801F3277F1004B6C73 /* AppDelegate.swift */; };
		8748BF831F3277F1004B6C73 /* WelcomeVC.swift in Sources */ = {isa = PBXBuildFile; fileRef = 8748BF821F3277F1004B6C73 /* WelcomeVC.swift */; };
		8748BF861F3277F1004B6C73 /* Main.storyboard in Resources */ = {isa = PBXBuildFile; fileRef = 8748BF841F3277F1004B6C73 /* Main.storyboard */; };
		8748BF881F3277F1004B6C73 /* Assets.xcassets in Resources */ = {isa = PBXBuildFile; fileRef = 8748BF871F3277F1004B6C73 /* Assets.xcassets */; };
		8748BF8B1F3277F1004B6C73 /* LaunchScreen.storyboard in Resources */ = {isa = PBXBuildFile; fileRef = 8748BF891F3277F1004B6C73 /* LaunchScreen.storyboard */; };
		8748BF941F34DAE1004B6C73 /* BorderButton.swift in Sources */ = {isa = PBXBuildFile; fileRef = 8748BF931F34DAE1004B6C73 /* BorderButton.swift */; };
		8748BF971F365603004B6C73 /* LeagueVC.swift in Sources */ = {isa = PBXBuildFile; fileRef = 8748BF961F365603004B6C73 /* LeagueVC.swift */; };
		8748BF991F3663FC004B6C73 /* SkillVC.swift in Sources */ = {isa = PBXBuildFile; fileRef = 8748BF981F3663FC004B6C73 /* SkillVC.swift */; };
/* End PBXBuildFile section */

/* Begin PBXFileReference section */
		8748BF7D1F3277F1004B6C73 /* app-swoosh.app */ = {isa = PBXFileReference; explicitFileType = wrapper.application; includeInIndex = 0; path = "app-swoosh.app"; sourceTree = BUILT_PRODUCTS_DIR; };
		8748BF801F3277F1004B6C73 /* AppDelegate.swift */ = {isa = PBXFileReference; lastKnownFileType = sourcecode.swift; path = AppDelegate.swift; sourceTree = "<group>"; };
		8748BF821F3277F1004B6C73 /* WelcomeVC.swift */ = {isa = PBXFileReference; lastKnownFileType = sourcecode.swift; path = WelcomeVC.swift; sourceTree = "<group>"; };
		8748BF851F3277F1004B6C73 /* Base */ = {isa = PBXFileReference; lastKnownFileType = file.storyboard; name = Base; path = Base.lproj/Main.storyboard; sourceTree = "<group>"; };
		8748BF871F3277F1004B6C73 /* Assets.xcassets */ = {isa = PBXFileReference; lastKnownFileType = folder.assetcatalog; path = Assets.xcassets; sourceTree = "<group>"; };
		8748BF8A1F3277F1004B6C73 /* Base */ = {isa = PBXFileReference; lastKnownFileType = file.storyboard; name = Base; path = Base.lproj/LaunchScreen.storyboard; sourceTree = "<group>"; };
		8748BF8C1F3277F1004B6C73 /* Info.plist */ = {isa = PBXFileReference; lastKnownFileType = text.plist.xml; path = Info.plist; sourceTree = "<group>"; };
		8748BF931F34DAE1004B6C73 /* BorderButton.swift */ = {isa = PBXFileReference; lastKnownFileType = sourcecode.swift; path = BorderButton.swift; sourceTree = "<group>"; };
		8748BF961F365603004B6C73 /* LeagueVC.swift */ = {isa = PBXFileReference; lastKnownFileType = sourcecode.swift; path = LeagueVC.swift; sourceTree = "<group>"; };
		8748BF981F3663FC004B6C73 /* SkillVC.swift */ = {isa = PBXFileReference; lastKnownFileType = sourcecode.swift; path = SkillVC.swift; sourceTree = "<group>"; };
/* End PBXFileReference section */

/* Begin PBXFrameworksBuildPhase section */
		8748BF7A1F3277F1004B6C73 /* Frameworks */ = {
			isa = PBXFrameworksBuildPhase;
			buildActionMask = 2147483647;
			files = (
			);
			runOnlyForDeploymentPostprocessing = 0;
		};
/* End PBXFrameworksBuildPhase section */

/* Begin PBXGroup section */
		8748BF741F3277F1004B6C73 = {
			isa = PBXGroup;
			children = (
				8748BF7F1F3277F1004B6C73 /* app-swoosh */,
				8748BF7E1F3277F1004B6C73 /* Products */,
			);
			sourceTree = "<group>";
		};
		8748BF7E1F3277F1004B6C73 /* Products */ = {
			isa = PBXGroup;
			children = (
				8748BF7D1F3277F1004B6C73 /* app-swoosh.app */,
			);
			name = Products;
			sourceTree = "<group>";
		};
		8748BF7F1F3277F1004B6C73 /* app-swoosh */ = {
			isa = PBXGroup;
			children = (
				8748BF951F3645CC004B6C73 /* Controller */,
				8748BF921F34DA90004B6C73 /* View */,
				8748BF801F3277F1004B6C73 /* AppDelegate.swift */,
				8748BF841F3277F1004B6C73 /* Main.storyboard */,
				8748BF871F3277F1004B6C73 /* Assets.xcassets */,
				8748BF891F3277F1004B6C73 /* LaunchScreen.storyboard */,
				8748BF8C1F3277F1004B6C73 /* Info.plist */,
			);
			path = "app-swoosh";
			sourceTree = "<group>";
		};
		8748BF921F34DA90004B6C73 /* View */ = {
			isa = PBXGroup;
			children = (
				8748BF931F34DAE1004B6C73 /* BorderButton.swift */,
			);
			path = View;
			sourceTree = "<group>";
		};
		8748BF951F3645CC004B6C73 /* Controller */ = {
			isa = PBXGroup;
			children = (
				8748BF821F3277F1004B6C73 /* WelcomeVC.swift */,
				8748BF961F365603004B6C73 /* LeagueVC.swift */,
				8748BF981F3663FC004B6C73 /* SkillVC.swift */,
			);
			path = Controller;
			sourceTree = "<group>";
		};
/* End PBXGroup section */

/* Begin PBXNativeTarget section */
		8748BF7C1F3277F1004B6C73 /* app-swoosh */ = {
			isa = PBXNativeTarget;
			buildConfigurationList = 8748BF8F1F3277F1004B6C73 /* Build configuration list for PBXNativeTarget "app-swoosh" */;
			buildPhases = (
				8748BF791F3277F1004B6C73 /* Sources */,
				8748BF7A1F3277F1004B6C73 /* Frameworks */,
				8748BF7B1F3277F1004B6C73 /* Resources */,
			);
			buildRules = (
			);
			dependencies = (
			);
			name = "app-swoosh";
			productName = "app-swoosh";
			productReference = 8748BF7D1F3277F1004B6C73 /* app-swoosh.app */;
			productType = "com.apple.product-type.application";
		};
/* End PBXNativeTarget section */

/* Begin PBXProject section */
		8748BF751F3277F1004B6C73 /* Project object */ = {
			isa = PBXProject;
			attributes = {
				LastSwiftUpdateCheck = 0900;
				LastUpgradeCheck = 0900;
				ORGANIZATIONNAME = "Coolwater Design";
				TargetAttributes = {
					8748BF7C1F3277F1004B6C73 = {
						CreatedOnToolsVersion = 9.0;
					};
				};
			};
			buildConfigurationList = 8748BF781F3277F1004B6C73 /* Build configuration list for PBXProject "app-swoosh" */;
			compatibilityVersion = "Xcode 8.0";
			developmentRegion = en;
			hasScannedForEncodings = 0;
			knownRegions = (
				en,
				Base,
			);
			mainGroup = 8748BF741F3277F1004B6C73;
			productRefGroup = 8748BF7E1F3277F1004B6C73 /* Products */;
			projectDirPath = "";
			projectRoot = "";
			targets = (
				8748BF7C1F3277F1004B6C73 /* app-swoosh */,
			);
		};
/* End PBXProject section */

/* Begin PBXResourcesBuildPhase section */
		8748BF7B1F3277F1004B6C73 /* Resources */ = {
			isa = PBXResourcesBuildPhase;
			buildActionMask = 2147483647;
			files = (
				8748BF8B1F3277F1004B6C73 /* LaunchScreen.storyboard in Resources */,
				8748BF881F3277F1004B6C73 /* Assets.xcassets in Resources */,
				8748BF861F3277F1004B6C73 /* Main.storyboard in Resources */,
			);
			runOnlyForDeploymentPostprocessing = 0;
		};
/* End PBXResourcesBuildPhase section */

/* Begin PBXSourcesBuildPhase section */
		8748BF791F3277F1004B6C73 /* Sources */ = {
			isa = PBXSourcesBuildPhase;
			buildActionMask = 2147483647;
			files = (
				8748BF831F3277F1004B6C73 /* WelcomeVC.swift in Sources */,
				8748BF971F365603004B6C73 /* LeagueVC.swift in Sources */,
				8748BF811F3277F1004B6C73 /* AppDelegate.swift in Sources */,
				8748BF991F3663FC004B6C73 /* SkillVC.swift in Sources */,
				8748BF941F34DAE1004B6C73 /* BorderButton.swift in Sources */,
			);
			runOnlyForDeploymentPostprocessing = 0;
		};
/* End PBXSourcesBuildPhase section */

/* Begin PBXVariantGroup section */
		8748BF841F3277F1004B6C73 /* Main.storyboard */ = {
			isa = PBXVariantGroup;
			children = (
				8748BF851F3277F1004B6C73 /* Base */,
			);
			name = Main.storyboard;
			sourceTree = "<group>";
		};
		8748BF891F3277F1004B6C73 /* LaunchScreen.storyboard */ = {
			isa = PBXVariantGroup;
			children = (
				8748BF8A1F3277F1004B6C73 /* Base */,
			);
			name = LaunchScreen.storyboard;
			sourceTree = "<group>";
		};
/* End PBXVariantGroup section */

/* Begin XCBuildConfiguration section */
		8748BF8D1F3277F1004B6C73 /* Debug */ = {
			isa = XCBuildConfiguration;
			buildSettings = {
				ALWAYS_SEARCH_USER_PATHS = NO;
				CLANG_ANALYZER_NONNULL = YES;
				CLANG_ANALYZER_NUMBER_OBJECT_CONVERSION = YES_AGGRESSIVE;
				CLANG_CXX_LANGUAGE_STANDARD = "gnu++14";
				CLANG_CXX_LIBRARY = "libc++";
				CLANG_ENABLE_MODULES = YES;
				CLANG_ENABLE_OBJC_ARC = YES;
				CLANG_WARN_BLOCK_CAPTURE_AUTORELEASING = YES;
				CLANG_WARN_BOOL_CONVERSION = YES;
				CLANG_WARN_COMMA = YES;
				CLANG_WARN_CONSTANT_CONVERSION = YES;
				CLANG_WARN_DIRECT_OBJC_ISA_USAGE = YES_ERROR;
				CLANG_WARN_DOCUMENTATION_COMMENTS = YES;
				CLANG_WARN_EMPTY_BODY = YES;
				CLANG_WARN_ENUM_CONVERSION = YES;
				CLANG_WARN_INFINITE_RECURSION = YES;
				CLANG_WARN_INT_CONVERSION = YES;
				CLANG_WARN_NON_LITERAL_NULL_CONVERSION = YES;
				CLANG_WARN_OBJC_LITERAL_CONVERSION = YES;
				CLANG_WARN_OBJC_ROOT_CLASS = YES_ERROR;
				CLANG_WARN_RANGE_LOOP_ANALYSIS = YES;
				CLANG_WARN_STRICT_PROTOTYPES = YES;
				CLANG_WARN_SUSPICIOUS_MOVE = YES;
				CLANG_WARN_UNGUARDED_AVAILABILITY = YES_AGGRESSIVE;
				CLANG_WARN_UNREACHABLE_CODE = YES;
				CLANG_WARN__DUPLICATE_METHOD_MATCH = YES;
				CODE_SIGN_IDENTITY = "iPhone Developer";
				COPY_PHASE_STRIP = NO;
				DEBUG_INFORMATION_FORMAT = dwarf;
				ENABLE_STRICT_OBJC_MSGSEND = YES;
				ENABLE_TESTABILITY = YES;
				GCC_C_LANGUAGE_STANDARD = gnu11;
				GCC_DYNAMIC_NO_PIC = NO;
				GCC_NO_COMMON_BLOCKS = YES;
				GCC_OPTIMIZATION_LEVEL = 0;
				GCC_PREPROCESSOR_DEFINITIONS = (
					"DEBUG=1",
					"$(inherited)",
				);
				GCC_WARN_64_TO_32_BIT_CONVERSION = YES;
				GCC_WARN_ABOUT_RETURN_TYPE = YES_ERROR;
				GCC_WARN_UNDECLARED_SELECTOR = YES;
				GCC_WARN_UNINITIALIZED_AUTOS = YES_AGGRESSIVE;
				GCC_WARN_UNUSED_FUNCTION = YES;
				GCC_WARN_UNUSED_VARIABLE = YES;
				IPHONEOS_DEPLOYMENT_TARGET = 11.0;
				MTL_ENABLE_DEBUG_INFO = YES;
				ONLY_ACTIVE_ARCH = YES;
				SDKROOT = iphoneos;
				SWIFT_ACTIVE_COMPILATION_CONDITIONS = DEBUG;
				SWIFT_OPTIMIZATION_LEVEL = "-Onone";
			};
			name = Debug;
		};
		8748BF8E1F3277F1004B6C73 /* Release */ = {
			isa = XCBuildConfiguration;
			buildSettings = {
				ALWAYS_SEARCH_USER_PATHS = NO;
				CLANG_ANALYZER_NONNULL = YES;
				CLANG_ANALYZER_NUMBER_OBJECT_CONVERSION = YES_AGGRESSIVE;
				CLANG_CXX_LANGUAGE_STANDARD = "gnu++14";
				CLANG_CXX_LIBRARY = "libc++";
				CLANG_ENABLE_MODULES = YES;
				CLANG_ENABLE_OBJC_ARC = YES;
				CLANG_WARN_BLOCK_CAPTURE_AUTORELEASING = YES;
				CLANG_WARN_BOOL_CONVERSION = YES;
				CLANG_WARN_COMMA = YES;
				CLANG_WARN_CONSTANT_CONVERSION = YES;
				CLANG_WARN_DIRECT_OBJC_ISA_USAGE = YES_ERROR;
				CLANG_WARN_DOCUMENTATION_COMMENTS = YES;
				CLANG_WARN_EMPTY_BODY = YES;
				CLANG_WARN_ENUM_CONVERSION = YES;
				CLANG_WARN_INFINITE_RECURSION = YES;
				CLANG_WARN_INT_CONVERSION = YES;
				CLANG_WARN_NON_LITERAL_NULL_CONVERSION = YES;
				CLANG_WARN_OBJC_LITERAL_CONVERSION = YES;
				CLANG_WARN_OBJC_ROOT_CLASS = YES_ERROR;
				CLANG_WARN_RANGE_LOOP_ANALYSIS = YES;
				CLANG_WARN_STRICT_PROTOTYPES = YES;
				CLANG_WARN_SUSPICIOUS_MOVE = YES;
				CLANG_WARN_UNGUARDED_AVAILABILITY = YES_AGGRESSIVE;
				CLANG_WARN_UNREACHABLE_CODE = YES;
				CLANG_WARN__DUPLICATE_METHOD_MATCH = YES;
				CODE_SIGN_IDENTITY = "iPhone Developer";
				COPY_PHASE_STRIP = NO;
				DEBUG_INFORMATION_FORMAT = "dwarf-with-dsym";
				ENABLE_NS_ASSERTIONS = NO;
				ENABLE_STRICT_OBJC_MSGSEND = YES;
				GCC_C_LANGUAGE_STANDARD = gnu11;
				GCC_NO_COMMON_BLOCKS = YES;
				GCC_WARN_64_TO_32_BIT_CONVERSION = YES;
				GCC_WARN_ABOUT_RETURN_TYPE = YES_ERROR;
				GCC_WARN_UNDECLARED_SELECTOR = YES;
				GCC_WARN_UNINITIALIZED_AUTOS = YES_AGGRESSIVE;
				GCC_WARN_UNUSED_FUNCTION = YES;
				GCC_WARN_UNUSED_VARIABLE = YES;
				IPHONEOS_DEPLOYMENT_TARGET = 11.0;
				MTL_ENABLE_DEBUG_INFO = NO;
				SDKROOT = iphoneos;
				SWIFT_OPTIMIZATION_LEVEL = "-Owholemodule";
				VALIDATE_PRODUCT = YES;
			};
			name = Release;
		};
		8748BF901F3277F1004B6C73 /* Debug */ = {
			isa = XCBuildConfiguration;
			buildSettings = {
				ASSETCATALOG_COMPILER_APPICON_NAME = AppIcon;
				INFOPLIST_FILE = "app-swoosh/Info.plist";
				LD_RUNPATH_SEARCH_PATHS = "$(inherited) @executable_path/Frameworks";
				PRODUCT_BUNDLE_IDENTIFIER = "com.coolwaterdesign.app-swoosh";
				PRODUCT_NAME = "$(TARGET_NAME)";
				SWIFT_VERSION = 4.0;
				TARGETED_DEVICE_FAMILY = "1,2";
			};
			name = Debug;
		};
		8748BF911F3277F1004B6C73 /* Release */ = {
			isa = XCBuildConfiguration;
			buildSettings = {
				ASSETCATALOG_COMPILER_APPICON_NAME = AppIcon;
				INFOPLIST_FILE = "app-swoosh/Info.plist";
				LD_RUNPATH_SEARCH_PATHS = "$(inherited) @executable_path/Frameworks";
				PRODUCT_BUNDLE_IDENTIFIER = "com.coolwaterdesign.app-swoosh";
				PRODUCT_NAME = "$(TARGET_NAME)";
				SWIFT_VERSION = 4.0;
				TARGETED_DEVICE_FAMILY = "1,2";
			};
			name = Release;
		};
/* End XCBuildConfiguration section */

/* Begin XCConfigurationList section */
		8748BF781F3277F1004B6C73 /* Build configuration list for PBXProject "app-swoosh" */ = {
			isa = XCConfigurationList;
			buildConfigurations = (
				8748BF8D1F3277F1004B6C73 /* Debug */,
				8748BF8E1F3277F1004B6C73 /* Release */,
			);
			defaultConfigurationIsVisible = 0;
			defaultConfigurationName = Release;
		};
		8748BF8F1F3277F1004B6C73 /* Build configuration list for PBXNativeTarget "app-swoosh" */ = {
			isa = XCConfigurationList;
			buildConfigurations = (
				8748BF901F3277F1004B6C73 /* Debug */,
				8748BF911F3277F1004B6C73 /* Release */,
			);
			defaultConfigurationIsVisible = 0;
			defaultConfigurationName = Release;
		};
/* End XCConfigurationList section */
	};
	rootObject = 8748BF751F3277F1004B6C73 /* Project object */;
}
